{
  "name": "@chartml/markdown-react",
  "version": "1.0.0",
  "lockfileVersion": 3,
  "requires": true,
  "packages": {
    "": {
      "name": "@chartml/markdown-react",
      "version": "1.0.0",
      "license": "MIT",
      "dependencies": {
        "@chartml/chart-metric": "file:../chart-metric",
        "@chartml/chart-pie": "file:../chart-pie",
        "@chartml/chart-scatter": "file:../chart-scatter",
        "@chartml/core": "file:../core",
        "@chartml/markdown-common": "file:../markdown-common",
        "js-yaml": "^4.1.0"
      },
      "peerDependencies": {
        "react": "^18.3.1"
      }
    },
    "../chart-metric": {
      "name": "@chartml/chart-metric",
      "version": "1.0.0",
      "license": "MIT",
      "dependencies": {
        "@chartml/core": "^1.0.0"
      },
      "devDependencies": {
        "vite": "^5.0.0"
      },
      "peerDependencies": {
        "d3": "^7.9.0"
      }
    },
    "../chart-pie": {
      "name": "@chartml/chart-pie",
      "version": "1.0.0",
      "license": "MIT",
      "dependencies": {
        "@chartml/core": "^1.0.0"
      },
      "devDependencies": {
        "vite": "^5.0.0"
      },
      "peerDependencies": {
        "d3": "^7.9.0"
      }
    },
    "../chart-scatter": {
      "name": "@chartml/chart-scatter",
      "version": "1.0.0",
      "license": "MIT",
      "dependencies": {
        "@chartml/core": "^1.0.0"
      },
      "devDependencies": {
        "vite": "^5.0.0"
      },
      "peerDependencies": {
        "d3": "^7.9.0"
      }
    },
    "../core": {
      "name": "@chartml/core",
      "version": "1.0.0",
      "license": "MIT",
      "dependencies": {
        "d3": "^7.9.0",
        "js-yaml": "^4.1.0"
      },
      "devDependencies": {
        "vite": "^5.4.11",
        "vitest": "^2.1.8"
      }
    },
    "../markdown-common": {
      "name": "@chartml/markdown-common",
      "version": "1.0.0",
      "license": "MIT",
      "dependencies": {
        "@chartml/core": "file:../core"
      },
      "devDependencies": {
        "vite": "^5.0.0"
      }
    },
    "node_modules/@chartml/chart-metric": {
      "resolved": "../chart-metric",
      "link": true
    },
    "node_modules/@chartml/chart-pie": {
      "resolved": "../chart-pie",
      "link": true
    },
    "node_modules/@chartml/chart-scatter": {
      "resolved": "../chart-scatter",
      "link": true
    },
    "node_modules/@chartml/core": {
      "resolved": "../core",
      "link": true
    },
    "node_modules/@chartml/markdown-common": {
      "resolved": "../markdown-common",
      "link": true
    },
    "node_modules/argparse": {
      "version": "2.0.1",
      "resolved": "https://registry.npmjs.org/argparse/-/argparse-2.0.1.tgz",
      "integrity": "sha512-8+9WqebbFzpX9OR+Wa6O29asIogeRMzcGtAINdpMHHyAg10f05aSFVBbcEqGf/PXw1EjAZ+q2/bEBg3DvurK3Q==",
      "license": "Python-2.0"
    },
    "node_modules/js-tokens": {
      "version": "4.0.0",
      "resolved": "https://registry.npmjs.org/js-tokens/-/js-tokens-4.0.0.tgz",
      "integrity": "sha512-RdJUflcE3cUzKiMqQgsCu06FPu9UdIJO0beYbPhHN4k6apgJtifcoCtT9bcxOpYBtpD2kCM6Sbzg4CausW/PKQ==",
      "license": "MIT",
      "peer": true
    },
    "node_modules/js-yaml": {
      "version": "4.1.0",
      "resolved": "https://registry.npmjs.org/js-yaml/-/js-yaml-4.1.0.tgz",
      "integrity": "sha512-wpxZs9NoxZaJESJGIZTyDEaYpl0FKSA+FB9aJiyemKhMwkxQg63h4T1KJgUGHpTqPDNRcmmYLugrRjJlBtWvRA==",
      "license": "MIT",
      "dependencies": {
        "argparse": "^2.0.1"
      },
      "bin": {
        "js-yaml": "bin/js-yaml.js"
      }
    },
    "node_modules/loose-envify": {
      "version": "1.4.0",
      "resolved": "https://registry.npmjs.org/loose-envify/-/loose-envify-1.4.0.tgz",
      "integrity": "sha512-lyuxPGr/Wfhrlem2CL/UcnUc1zcqKAImBDzukY7Y5F/yQiNdko6+fRLevlw1HgMySw7f611UIY408EtxRSoK3Q==",
      "license": "MIT",
      "peer": true,
      "dependencies": {
        "js-tokens": "^3.0.0 || ^4.0.0"
      },
      "bin": {
        "loose-envify": "cli.js"
      }
    },
    "node_modules/react": {
      "version": "18.3.1",
      "resolved": "https://registry.npmjs.org/react/-/react-18.3.1.tgz",
      "integrity": "sha512-wS+hAgJShR0KhEvPJArfuPVN1+Hz1t0Y6n5jLrGQbkb4urgPE/0Rve+1kMB1v/oWgHgm4WIcV+i7F2pTVj+2iQ==",
      "license": "MIT",
      "peer": true,
      "dependencies": {
        "loose-envify": "^1.1.0"
      },
      "engines": {
        "node": ">=0.10.0"
      }
    }
  }
}
